
Microsoft Visual Studio Solution File, Format Version 12.00
# Visual Studio 15
VisualStudioVersion = 15.0.28307.757
MinimumVisualStudioVersion = 10.0.40219.1
Project("{FAE04EC0-301F-11D3-BF4B-00C04F79EFBC}") = "TrafficJam", "TrafficJam\TrafficJam.csproj", "{B91FF041-44C0-4529-956C-4A3FB5FA6877}"
EndProject
Global
	GlobalSection(SolutionConfigurationPlatforms) = preSolution
		Debug|Any CPU = Debug|Any CPU
		Release|Any CPU = Release|Any CPU
	EndGlobalSection
	GlobalSection(ProjectConfigurationPlatforms) = postSolution
		{B91FF041-44C0-4529-956C-4A3FB5FA6877}.Debug|Any CPU.ActiveCfg = Debug|Any CPU
		{B91FF041-44C0-4529-956C-4A3FB5FA6877}.Debug|Any CPU.Build.0 = Debug|Any CPU
		{B91FF041-44C0-4529-956C-4A3FB5FA6877}.Release|Any CPU.ActiveCfg = Release|Any CPU
		{B91FF041-44C0-4529-956C-4A3FB5FA6877}.Release|Any CPU.Build.0 = Release|Any CPU
	EndGlobalSection
	GlobalSection(SolutionProperties) = preSolution
		HideSolutionNode = FALSE
	EndGlobalSection
	GlobalSection(ExtensibilityGlobals) = postSolution
		SolutionGuid = {F3EA762E-3F77-4720-BE90-06806E53C087}
	EndGlobalSection
EndGlobal
